// !$*UTF8*$!
{
	archiveVersion = 1;
	classes = {
	};
	objectVersion = 50;
	objects = {

/* Begin PBXBuildFile section */
		EF2E28122735D83D00D95861 /* AppDelegate.swift in Sources */ = {isa = PBXBuildFile; fileRef = EF2E28112735D83D00D95861 /* AppDelegate.swift */; };
		EF2E28142735D83D00D95861 /* SceneDelegate.swift in Sources */ = {isa = PBXBuildFile; fileRef = EF2E28132735D83D00D95861 /* SceneDelegate.swift */; };
		EF2E28192735D83D00D95861 /* Main.storyboard in Resources */ = {isa = PBXBuildFile; fileRef = EF2E28172735D83D00D95861 /* Main.storyboard */; };
		EF2E281B2735D83E00D95861 /* Assets.xcassets in Resources */ = {isa = PBXBuildFile; fileRef = EF2E281A2735D83E00D95861 /* Assets.xcassets */; };
		EF2E281E2735D83E00D95861 /* LaunchScreen.storyboard in Resources */ = {isa = PBXBuildFile; fileRef = EF2E281C2735D83E00D95861 /* LaunchScreen.storyboard */; };
		EF884219277A67BE00287DA2 /* LearnAppUITests.swift in Sources */ = {isa = PBXBuildFile; fileRef = EF884218277A67BE00287DA2 /* LearnAppUITests.swift */; };
		EF88421B277A67BE00287DA2 /* LearnAppUITestsLaunchTests.swift in Sources */ = {isa = PBXBuildFile; fileRef = EF88421A277A67BE00287DA2 /* LearnAppUITestsLaunchTests.swift */; };
		EF907682277A25BA004354B6 /* RecordViewController.swift in Sources */ = {isa = PBXBuildFile; fileRef = EF907681277A25BA004354B6 /* RecordViewController.swift */; };
		EF994F43273DA07800D475B9 /* GameViewController.swift in Sources */ = {isa = PBXBuildFile; fileRef = EF994F42273DA07800D475B9 /* GameViewController.swift */; };
		EFAF3B522779E94100A36C83 /* SettingsTableViewController.swift in Sources */ = {isa = PBXBuildFile; fileRef = EFAF3B512779E94100A36C83 /* SettingsTableViewController.swift */; };
		EFAF3B542779E97800A36C83 /* SelectTimeViewController.swift in Sources */ = {isa = PBXBuildFile; fileRef = EFAF3B532779E97800A36C83 /* SelectTimeViewController.swift */; };
		EFAF3B562779F0F000A36C83 /* SettingsGame.swift in Sources */ = {isa = PBXBuildFile; fileRef = EFAF3B552779F0F000A36C83 /* SettingsGame.swift */; };
		EFAF3B582779F13D00A36C83 /* KeysUserDefaults.swift in Sources */ = {isa = PBXBuildFile; fileRef = EFAF3B572779F13D00A36C83 /* KeysUserDefaults.swift */; };
		EFEA90532741954400C7BD90 /* Game.swift in Sources */ = {isa = PBXBuildFile; fileRef = EFEA90522741954400C7BD90 /* Game.swift */; };
		EFEA905627419C5900C7BD90 /* StatusGameEnum.swift in Sources */ = {isa = PBXBuildFile; fileRef = EFEA905527419C5900C7BD90 /* StatusGameEnum.swift */; };
/* End PBXBuildFile section */

/* Begin PBXContainerItemProxy section */
		EF88421C277A67BE00287DA2 /* PBXContainerItemProxy */ = {
			isa = PBXContainerItemProxy;
			containerPortal = EF2E28062735D83D00D95861 /* Project object */;
			proxyType = 1;
			remoteGlobalIDString = EF2E280D2735D83D00D95861;
			remoteInfo = LearnApp;
		};
/* End PBXContainerItemProxy section */

/* Begin PBXFileReference section */
		EF2E280E2735D83D00D95861 /* LearnApp.app */ = {isa = PBXFileReference; explicitFileType = wrapper.application; includeInIndex = 0; path = LearnApp.app; sourceTree = BUILT_PRODUCTS_DIR; };
		EF2E28112735D83D00D95861 /* AppDelegate.swift */ = {isa = PBXFileReference; lastKnownFileType = sourcecode.swift; path = AppDelegate.swift; sourceTree = "<group>"; };
		EF2E28132735D83D00D95861 /* SceneDelegate.swift */ = {isa = PBXFileReference; lastKnownFileType = sourcecode.swift; path = SceneDelegate.swift; sourceTree = "<group>"; };
		EF2E28182735D83D00D95861 /* Base */ = {isa = PBXFileReference; lastKnownFileType = file.storyboard; name = Base; path = Base.lproj/Main.storyboard; sourceTree = "<group>"; };
		EF2E281A2735D83E00D95861 /* Assets.xcassets */ = {isa = PBXFileReference; lastKnownFileType = folder.assetcatalog; path = Assets.xcassets; sourceTree = "<group>"; };
		EF2E281D2735D83E00D95861 /* Base */ = {isa = PBXFileReference; lastKnownFileType = file.storyboard; name = Base; path = Base.lproj/LaunchScreen.storyboard; sourceTree = "<group>"; };
		EF2E281F2735D83E00D95861 /* Info.plist */ = {isa = PBXFileReference; lastKnownFileType = text.plist.xml; path = Info.plist; sourceTree = "<group>"; };
		EF884216277A67BE00287DA2 /* LearnAppUITests.xctest */ = {isa = PBXFileReference; explicitFileType = wrapper.cfbundle; includeInIndex = 0; path = LearnAppUITests.xctest; sourceTree = BUILT_PRODUCTS_DIR; };
		EF884218277A67BE00287DA2 /* LearnAppUITests.swift */ = {isa = PBXFileReference; lastKnownFileType = sourcecode.swift; path = LearnAppUITests.swift; sourceTree = "<group>"; };
		EF88421A277A67BE00287DA2 /* LearnAppUITestsLaunchTests.swift */ = {isa = PBXFileReference; lastKnownFileType = sourcecode.swift; path = LearnAppUITestsLaunchTests.swift; sourceTree = "<group>"; };
		EF907681277A25BA004354B6 /* RecordViewController.swift */ = {isa = PBXFileReference; lastKnownFileType = sourcecode.swift; path = RecordViewController.swift; sourceTree = "<group>"; };
		EF994F42273DA07800D475B9 /* GameViewController.swift */ = {isa = PBXFileReference; lastKnownFileType = sourcecode.swift; path = GameViewController.swift; sourceTree = "<group>"; };
		EFAF3B512779E94100A36C83 /* SettingsTableViewController.swift */ = {isa = PBXFileReference; lastKnownFileType = sourcecode.swift; path = SettingsTableViewController.swift; sourceTree = "<group>"; };
		EFAF3B532779E97800A36C83 /* SelectTimeViewController.swift */ = {isa = PBXFileReference; lastKnownFileType = sourcecode.swift; path = SelectTimeViewController.swift; sourceTree = "<group>"; };
		EFAF3B552779F0F000A36C83 /* SettingsGame.swift */ = {isa = PBXFileReference; lastKnownFileType = sourcecode.swift; path = SettingsGame.swift; sourceTree = "<group>"; };
		EFAF3B572779F13D00A36C83 /* KeysUserDefaults.swift */ = {isa = PBXFileReference; lastKnownFileType = sourcecode.swift; path = KeysUserDefaults.swift; sourceTree = "<group>"; };
		EFEA90522741954400C7BD90 /* Game.swift */ = {isa = PBXFileReference; lastKnownFileType = sourcecode.swift; path = Game.swift; sourceTree = "<group>"; };
		EFEA905527419C5900C7BD90 /* StatusGameEnum.swift */ = {isa = PBXFileReference; lastKnownFileType = sourcecode.swift; path = StatusGameEnum.swift; sourceTree = "<group>"; };
/* End PBXFileReference section */

/* Begin PBXFrameworksBuildPhase section */
		EF2E280B2735D83D00D95861 /* Frameworks */ = {
			isa = PBXFrameworksBuildPhase;
			buildActionMask = 2147483647;
			files = (
			);
			runOnlyForDeploymentPostprocessing = 0;
		};
		EF884213277A67BE00287DA2 /* Frameworks */ = {
			isa = PBXFrameworksBuildPhase;
			buildActionMask = 2147483647;
			files = (
			);
			runOnlyForDeploymentPostprocessing = 0;
		};
/* End PBXFrameworksBuildPhase section */

/* Begin PBXGroup section */
		EF11FBA7277B6DA90034CE8E /* Views */ = {
			isa = PBXGroup;
			children = (
				EF2E28172735D83D00D95861 /* Main.storyboard */,
				EF2E281C2735D83E00D95861 /* LaunchScreen.storyboard */,
			);
			path = Views;
			sourceTree = "<group>";
		};
		EF11FBA8277B6DDF0034CE8E /* Resources */ = {
			isa = PBXGroup;
			children = (
				EF2E281A2735D83E00D95861 /* Assets.xcassets */,
			);
			path = Resources;
			sourceTree = "<group>";
		};
		EF2E28052735D83D00D95861 = {
			isa = PBXGroup;
			children = (
				EF2E28102735D83D00D95861 /* LearnApp */,
				EF884217277A67BE00287DA2 /* LearnAppUITests */,
				EF2E280F2735D83D00D95861 /* Products */,
			);
			sourceTree = "<group>";
		};
		EF2E280F2735D83D00D95861 /* Products */ = {
			isa = PBXGroup;
			children = (
				EF2E280E2735D83D00D95861 /* LearnApp.app */,
				EF884216277A67BE00287DA2 /* LearnAppUITests.xctest */,
			);
			name = Products;
			sourceTree = "<group>";
		};
		EF2E28102735D83D00D95861 /* LearnApp */ = {
			isa = PBXGroup;
			children = (
				EF2E28132735D83D00D95861 /* SceneDelegate.swift */,
				EF2E28112735D83D00D95861 /* AppDelegate.swift */,
				EF2E281F2735D83E00D95861 /* Info.plist */,
				EF11FBA8277B6DDF0034CE8E /* Resources */,
				EF11FBA7277B6DA90034CE8E /* Views */,
				EF884211277A673900287DA2 /* Controllers */,
				EF884210277A662A00287DA2 /* Models */,
				EFEA905427419C2600C7BD90 /* Enums */,
			);
			path = LearnApp;
			sourceTree = "<group>";
		};
		EF884210277A662A00287DA2 /* Models */ = {
			isa = PBXGroup;
			children = (
				EFAF3B552779F0F000A36C83 /* SettingsGame.swift */,
				EFEA90522741954400C7BD90 /* Game.swift */,
			);
			path = Models;
			sourceTree = "<group>";
		};
		EF884211277A673900287DA2 /* Controllers */ = {
			isa = PBXGroup;
			children = (
				EF994F42273DA07800D475B9 /* GameViewController.swift */,
				EFAF3B512779E94100A36C83 /* SettingsTableViewController.swift */,
				EFAF3B532779E97800A36C83 /* SelectTimeViewController.swift */,
				EF907681277A25BA004354B6 /* RecordViewController.swift */,
			);
			path = Controllers;
			sourceTree = "<group>";
		};
		EF884217277A67BE00287DA2 /* LearnAppUITests */ = {
			isa = PBXGroup;
			children = (
				EF884218277A67BE00287DA2 /* LearnAppUITests.swift */,
				EF88421A277A67BE00287DA2 /* LearnAppUITestsLaunchTests.swift */,
			);
			path = LearnAppUITests;
			sourceTree = "<group>";
		};
		EFEA905427419C2600C7BD90 /* Enums */ = {
			isa = PBXGroup;
			children = (
				EFEA905527419C5900C7BD90 /* StatusGameEnum.swift */,
				EFAF3B572779F13D00A36C83 /* KeysUserDefaults.swift */,
			);
			path = Enums;
			sourceTree = "<group>";
		};
/* End PBXGroup section */

/* Begin PBXNativeTarget section */
		EF2E280D2735D83D00D95861 /* LearnApp */ = {
			isa = PBXNativeTarget;
			buildConfigurationList = EF2E28222735D83E00D95861 /* Build configuration list for PBXNativeTarget "LearnApp" */;
			buildPhases = (
				EF2E280A2735D83D00D95861 /* Sources */,
				EF2E280B2735D83D00D95861 /* Frameworks */,
				EF2E280C2735D83D00D95861 /* Resources */,
			);
			buildRules = (
			);
			dependencies = (
			);
			name = LearnApp;
			productName = LearnApp;
			productReference = EF2E280E2735D83D00D95861 /* LearnApp.app */;
			productType = "com.apple.product-type.application";
		};
		EF884215277A67BE00287DA2 /* LearnAppUITests */ = {
			isa = PBXNativeTarget;
			buildConfigurationList = EF88421E277A67BE00287DA2 /* Build configuration list for PBXNativeTarget "LearnAppUITests" */;
			buildPhases = (
				EF884212277A67BE00287DA2 /* Sources */,
				EF884213277A67BE00287DA2 /* Frameworks */,
				EF884214277A67BE00287DA2 /* Resources */,
			);
			buildRules = (
			);
			dependencies = (
				EF88421D277A67BE00287DA2 /* PBXTargetDependency */,
			);
			name = LearnAppUITests;
			productName = LearnAppUITests;
			productReference = EF884216277A67BE00287DA2 /* LearnAppUITests.xctest */;
			productType = "com.apple.product-type.bundle.ui-testing";
		};
/* End PBXNativeTarget section */

/* Begin PBXProject section */
		EF2E28062735D83D00D95861 /* Project object */ = {
			isa = PBXProject;
			attributes = {
				LastSwiftUpdateCheck = 1310;
				LastUpgradeCheck = 1250;
				TargetAttributes = {
					EF2E280D2735D83D00D95861 = {
						CreatedOnToolsVersion = 12.5.1;
					};
					EF884215277A67BE00287DA2 = {
						CreatedOnToolsVersion = 13.1;
						TestTargetID = EF2E280D2735D83D00D95861;
					};
				};
			};
			buildConfigurationList = EF2E28092735D83D00D95861 /* Build configuration list for PBXProject "LearnApp" */;
			compatibilityVersion = "Xcode 9.3";
			developmentRegion = en;
			hasScannedForEncodings = 0;
			knownRegions = (
				en,
				Base,
			);
			mainGroup = EF2E28052735D83D00D95861;
			productRefGroup = EF2E280F2735D83D00D95861 /* Products */;
			projectDirPath = "";
			projectRoot = "";
			targets = (
				EF2E280D2735D83D00D95861 /* LearnApp */,
				EF884215277A67BE00287DA2 /* LearnAppUITests */,
			);
		};
/* End PBXProject section */

/* Begin PBXResourcesBuildPhase section */
		EF2E280C2735D83D00D95861 /* Resources */ = {
			isa = PBXResourcesBuildPhase;
			buildActionMask = 2147483647;
			files = (
				EF2E281E2735D83E00D95861 /* LaunchScreen.storyboard in Resources */,
				EF2E281B2735D83E00D95861 /* Assets.xcassets in Resources */,
				EF2E28192735D83D00D95861 /* Main.storyboard in Resources */,
			);
			runOnlyForDeploymentPostprocessing = 0;
		};
		EF884214277A67BE00287DA2 /* Resources */ = {
			isa = PBXResourcesBuildPhase;
			buildActionMask = 2147483647;
			files = (
			);
			runOnlyForDeploymentPostprocessing = 0;
		};
/* End PBXResourcesBuildPhase section */

/* Begin PBXSourcesBuildPhase section */
		EF2E280A2735D83D00D95861 /* Sources */ = {
			isa = PBXSourcesBuildPhase;
			buildActionMask = 2147483647;
			files = (
				EFAF3B562779F0F000A36C83 /* SettingsGame.swift in Sources */,
				EF2E28122735D83D00D95861 /* AppDelegate.swift in Sources */,
				EF994F43273DA07800D475B9 /* GameViewController.swift in Sources */,
				EF2E28142735D83D00D95861 /* SceneDelegate.swift in Sources */,
				EFEA905627419C5900C7BD90 /* StatusGameEnum.swift in Sources */,
				EFAF3B582779F13D00A36C83 /* KeysUserDefaults.swift in Sources */,
				EFEA90532741954400C7BD90 /* Game.swift in Sources */,
				EF907682277A25BA004354B6 /* RecordViewController.swift in Sources */,
				EFAF3B542779E97800A36C83 /* SelectTimeViewController.swift in Sources */,
				EFAF3B522779E94100A36C83 /* SettingsTableViewController.swift in Sources */,
			);
			runOnlyForDeploymentPostprocessing = 0;
		};
		EF884212277A67BE00287DA2 /* Sources */ = {
			isa = PBXSourcesBuildPhase;
			buildActionMask = 2147483647;
			files = (
				EF88421B277A67BE00287DA2 /* LearnAppUITestsLaunchTests.swift in Sources */,
				EF884219277A67BE00287DA2 /* LearnAppUITests.swift in Sources */,
			);
			runOnlyForDeploymentPostprocessing = 0;
		};
/* End PBXSourcesBuildPhase section */

/* Begin PBXTargetDependency section */
		EF88421D277A67BE00287DA2 /* PBXTargetDependency */ = {
			isa = PBXTargetDependency;
			target = EF2E280D2735D83D00D95861 /* LearnApp */;
			targetProxy = EF88421C277A67BE00287DA2 /* PBXContainerItemProxy */;
		};
/* End PBXTargetDependency section */

/* Begin PBXVariantGroup section */
		EF2E28172735D83D00D95861 /* Main.storyboard */ = {
			isa = PBXVariantGroup;
			children = (
				EF2E28182735D83D00D95861 /* Base */,
			);
			name = Main.storyboard;
			sourceTree = "<group>";
		};
		EF2E281C2735D83E00D95861 /* LaunchScreen.storyboard */ = {
			isa = PBXVariantGroup;
			children = (
				EF2E281D2735D83E00D95861 /* Base */,
			);
			name = LaunchScreen.storyboard;
			sourceTree = "<group>";
		};
/* End PBXVariantGroup section */

/* Begin XCBuildConfiguration section */
		EF2E28202735D83E00D95861 /* Debug */ = {
			isa = XCBuildConfiguration;
			buildSettings = {
				ALWAYS_SEARCH_USER_PATHS = NO;
				CLANG_ANALYZER_NONNULL = YES;
				CLANG_ANALYZER_NUMBER_OBJECT_CONVERSION = YES_AGGRESSIVE;
				CLANG_CXX_LANGUAGE_STANDARD = "gnu++14";
				CLANG_CXX_LIBRARY = "libc++";
				CLANG_ENABLE_MODULES = YES;
				CLANG_ENABLE_OBJC_ARC = YES;
				CLANG_ENABLE_OBJC_WEAK = YES;
				CLANG_WARN_BLOCK_CAPTURE_AUTORELEASING = YES;
				CLANG_WARN_BOOL_CONVERSION = YES;
				CLANG_WARN_COMMA = YES;
				CLANG_WARN_CONSTANT_CONVERSION = YES;
				CLANG_WARN_DEPRECATED_OBJC_IMPLEMENTATIONS = YES;
				CLANG_WARN_DIRECT_OBJC_ISA_USAGE = YES_ERROR;
				CLANG_WARN_DOCUMENTATION_COMMENTS = YES;
				CLANG_WARN_EMPTY_BODY = YES;
				CLANG_WARN_ENUM_CONVERSION = YES;
				CLANG_WARN_INFINITE_RECURSION = YES;
				CLANG_WARN_INT_CONVERSION = YES;
				CLANG_WARN_NON_LITERAL_NULL_CONVERSION = YES;
				CLANG_WARN_OBJC_IMPLICIT_RETAIN_SELF = YES;
				CLANG_WARN_OBJC_LITERAL_CONVERSION = YES;
				CLANG_WARN_OBJC_ROOT_CLASS = YES_ERROR;
				CLANG_WARN_QUOTED_INCLUDE_IN_FRAMEWORK_HEADER = YES;
				CLANG_WARN_RANGE_LOOP_ANALYSIS = YES;
				CLANG_WARN_STRICT_PROTOTYPES = YES;
				CLANG_WARN_SUSPICIOUS_MOVE = YES;
				CLANG_WARN_UNGUARDED_AVAILABILITY = YES_AGGRESSIVE;
				CLANG_WARN_UNREACHABLE_CODE = YES;
				CLANG_WARN__DUPLICATE_METHOD_MATCH = YES;
				COPY_PHASE_STRIP = NO;
				DEBUG_INFORMATION_FORMAT = dwarf;
				ENABLE_STRICT_OBJC_MSGSEND = YES;
				ENABLE_TESTABILITY = YES;
				GCC_C_LANGUAGE_STANDARD = gnu11;
				GCC_DYNAMIC_NO_PIC = NO;
				GCC_NO_COMMON_BLOCKS = YES;
				GCC_OPTIMIZATION_LEVEL = 0;
				GCC_PREPROCESSOR_DEFINITIONS = (
					"DEBUG=1",
					"$(inherited)",
				);
				GCC_WARN_64_TO_32_BIT_CONVERSION = YES;
				GCC_WARN_ABOUT_RETURN_TYPE = YES_ERROR;
				GCC_WARN_UNDECLARED_SELECTOR = YES;
				GCC_WARN_UNINITIALIZED_AUTOS = YES_AGGRESSIVE;
				GCC_WARN_UNUSED_FUNCTION = YES;
				GCC_WARN_UNUSED_VARIABLE = YES;
				IPHONEOS_DEPLOYMENT_TARGET = 13.0;
				MTL_ENABLE_DEBUG_INFO = INCLUDE_SOURCE;
				MTL_FAST_MATH = YES;
				ONLY_ACTIVE_ARCH = YES;
				SDKROOT = iphoneos;
				SWIFT_ACTIVE_COMPILATION_CONDITIONS = DEBUG;
				SWIFT_OPTIMIZATION_LEVEL = "-Onone";
			};
			name = Debug;
		};
		EF2E28212735D83E00D95861 /* Release */ = {
			isa = XCBuildConfiguration;
			buildSettings = {
				ALWAYS_SEARCH_USER_PATHS = NO;
				CLANG_ANALYZER_NONNULL = YES;
				CLANG_ANALYZER_NUMBER_OBJECT_CONVERSION = YES_AGGRESSIVE;
				CLANG_CXX_LANGUAGE_STANDARD = "gnu++14";
				CLANG_CXX_LIBRARY = "libc++";
				CLANG_ENABLE_MODULES = YES;
				CLANG_ENABLE_OBJC_ARC = YES;
				CLANG_ENABLE_OBJC_WEAK = YES;
				CLANG_WARN_BLOCK_CAPTURE_AUTORELEASING = YES;
				CLANG_WARN_BOOL_CONVERSION = YES;
				CLANG_WARN_COMMA = YES;
				CLANG_WARN_CONSTANT_CONVERSION = YES;
				CLANG_WARN_DEPRECATED_OBJC_IMPLEMENTATIONS = YES;
				CLANG_WARN_DIRECT_OBJC_ISA_USAGE = YES_ERROR;
				CLANG_WARN_DOCUMENTATION_COMMENTS = YES;
				CLANG_WARN_EMPTY_BODY = YES;
				CLANG_WARN_ENUM_CONVERSION = YES;
				CLANG_WARN_INFINITE_RECURSION = YES;
				CLANG_WARN_INT_CONVERSION = YES;
				CLANG_WARN_NON_LITERAL_NULL_CONVERSION = YES;
				CLANG_WARN_OBJC_IMPLICIT_RETAIN_SELF = YES;
				CLANG_WARN_OBJC_LITERAL_CONVERSION = YES;
				CLANG_WARN_OBJC_ROOT_CLASS = YES_ERROR;
				CLANG_WARN_QUOTED_INCLUDE_IN_FRAMEWORK_HEADER = YES;
				CLANG_WARN_RANGE_LOOP_ANALYSIS = YES;
				CLANG_WARN_STRICT_PROTOTYPES = YES;
				CLANG_WARN_SUSPICIOUS_MOVE = YES;
				CLANG_WARN_UNGUARDED_AVAILABILITY = YES_AGGRESSIVE;
				CLANG_WARN_UNREACHABLE_CODE = YES;
				CLANG_WARN__DUPLICATE_METHOD_MATCH = YES;
				COPY_PHASE_STRIP = NO;
				DEBUG_INFORMATION_FORMAT = "dwarf-with-dsym";
				ENABLE_NS_ASSERTIONS = NO;
				ENABLE_STRICT_OBJC_MSGSEND = YES;
				GCC_C_LANGUAGE_STANDARD = gnu11;
				GCC_NO_COMMON_BLOCKS = YES;
				GCC_WARN_64_TO_32_BIT_CONVERSION = YES;
				GCC_WARN_ABOUT_RETURN_TYPE = YES_ERROR;
				GCC_WARN_UNDECLARED_SELECTOR = YES;
				GCC_WARN_UNINITIALIZED_AUTOS = YES_AGGRESSIVE;
				GCC_WARN_UNUSED_FUNCTION = YES;
				GCC_WARN_UNUSED_VARIABLE = YES;
				IPHONEOS_DEPLOYMENT_TARGET = 13.0;
				MTL_ENABLE_DEBUG_INFO = NO;
				MTL_FAST_MATH = YES;
				SDKROOT = iphoneos;
				SWIFT_COMPILATION_MODE = wholemodule;
				SWIFT_OPTIMIZATION_LEVEL = "-O";
				VALIDATE_PRODUCT = YES;
			};
			name = Release;
		};
		EF2E28232735D83E00D95861 /* Debug */ = {
			isa = XCBuildConfiguration;
			buildSettings = {
				ASSETCATALOG_COMPILER_APPICON_NAME = AppIcon;
				ASSETCATALOG_COMPILER_GLOBAL_ACCENT_COLOR_NAME = AccentColor;
				CODE_SIGN_STYLE = Automatic;
				DEVELOPMENT_TEAM = 46CM9XJTAY;
				INFOPLIST_FILE = LearnApp/Info.plist;
				LD_RUNPATH_SEARCH_PATHS = (
					"$(inherited)",
					"@executable_path/Frameworks",
				);
				PRODUCT_BUNDLE_IDENTIFIER = rdjkaz.LearnApp;
				PRODUCT_NAME = "$(TARGET_NAME)";
				SWIFT_VERSION = 5.0;
				TARGETED_DEVICE_FAMILY = 1;
			};
			name = Debug;
		};
		EF2E28242735D83E00D95861 /* Release */ = {
			isa = XCBuildConfiguration;
			buildSettings = {
				ASSETCATALOG_COMPILER_APPICON_NAME = AppIcon;
				ASSETCATALOG_COMPILER_GLOBAL_ACCENT_COLOR_NAME = AccentColor;
				CODE_SIGN_STYLE = Automatic;
				DEVELOPMENT_TEAM = 46CM9XJTAY;
				INFOPLIST_FILE = LearnApp/Info.plist;
				LD_RUNPATH_SEARCH_PATHS = (
					"$(inherited)",
					"@executable_path/Frameworks",
				);
				PRODUCT_BUNDLE_IDENTIFIER = rdjkaz.LearnApp;
				PRODUCT_NAME = "$(TARGET_NAME)";
				SWIFT_VERSION = 5.0;
				TARGETED_DEVICE_FAMILY = 1;
			};
			name = Release;
		};
		EF88421F277A67BE00287DA2 /* Debug */ = {
			isa = XCBuildConfiguration;
			buildSettings = {
				CLANG_CXX_LANGUAGE_STANDARD = "gnu++17";
				CODE_SIGN_STYLE = Automatic;
				CURRENT_PROJECT_VERSION = 1;
				DEVELOPMENT_TEAM = 46CM9XJTAY;
				GENERATE_INFOPLIST_FILE = YES;
				IPHONEOS_DEPLOYMENT_TARGET = 15.0;
				LD_RUNPATH_SEARCH_PATHS = (
					"$(inherited)",
					"@executable_path/Frameworks",
					"@loader_path/Frameworks",
				);
				MARKETING_VERSION = 1.0;
				PRODUCT_BUNDLE_IDENTIFIER = radikgazetdinov.LearnAppUITests;
				PRODUCT_NAME = "$(TARGET_NAME)";
				SWIFT_EMIT_LOC_STRINGS = NO;
				SWIFT_VERSION = 5.0;
				TARGETED_DEVICE_FAMILY = "1,2";
				TEST_TARGET_NAME = LearnApp;
			};
			name = Debug;
		};
		EF884220277A67BE00287DA2 /* Release */ = {
			isa = XCBuildConfiguration;
			buildSettings = {
				CLANG_CXX_LANGUAGE_STANDARD = "gnu++17";
				CODE_SIGN_STYLE = Automatic;
				CURRENT_PROJECT_VERSION = 1;
				DEVELOPMENT_TEAM = 46CM9XJTAY;
				GENERATE_INFOPLIST_FILE = YES;
				IPHONEOS_DEPLOYMENT_TARGET = 15.0;
				LD_RUNPATH_SEARCH_PATHS = (
					"$(inherited)",
					"@executable_path/Frameworks",
					"@loader_path/Frameworks",
				);
				MARKETING_VERSION = 1.0;
				PRODUCT_BUNDLE_IDENTIFIER = radikgazetdinov.LearnAppUITests;
				PRODUCT_NAME = "$(TARGET_NAME)";
				SWIFT_EMIT_LOC_STRINGS = NO;
				SWIFT_VERSION = 5.0;
				TARGETED_DEVICE_FAMILY = "1,2";
				TEST_TARGET_NAME = LearnApp;
			};
			name = Release;
		};
/* End XCBuildConfiguration section */

/* Begin XCConfigurationList section */
		EF2E28092735D83D00D95861 /* Build configuration list for PBXProject "LearnApp" */ = {
			isa = XCConfigurationList;
			buildConfigurations = (
				EF2E28202735D83E00D95861 /* Debug */,
				EF2E28212735D83E00D95861 /* Release */,
			);
			defaultConfigurationIsVisible = 0;
			defaultConfigurationName = Release;
		};
		EF2E28222735D83E00D95861 /* Build configuration list for PBXNativeTarget "LearnApp" */ = {
			isa = XCConfigurationList;
			buildConfigurations = (
				EF2E28232735D83E00D95861 /* Debug */,
				EF2E28242735D83E00D95861 /* Release */,
			);
			defaultConfigurationIsVisible = 0;
			defaultConfigurationName = Release;
		};
		EF88421E277A67BE00287DA2 /* Build configuration list for PBXNativeTarget "LearnAppUITests" */ = {
			isa = XCConfigurationList;
			buildConfigurations = (
				EF88421F277A67BE00287DA2 /* Debug */,
				EF884220277A67BE00287DA2 /* Release */,
			);
			defaultConfigurationIsVisible = 0;
			defaultConfigurationName = Release;
		};
/* End XCConfigurationList section */
	};
	rootObject = EF2E28062735D83D00D95861 /* Project object */;
}
